
Microsoft Visual Studio Solution File, Format Version 12.00
# Visual Studio 15
VisualStudioVersion = 15.0.28307.779
MinimumVisualStudioVersion = 10.0.40219.1
Project("{FAE04EC0-301F-11D3-BF4B-00C04F79EFBC}") = "RadarUI", "RadarUI\RadarUI.csproj", "{C48DC1D9-2661-434F-9CBE-CDCEDF566027}"
EndProject
Global
	GlobalSection(SolutionConfigurationPlatforms) = preSolution
		Debug|Any CPU = Debug|Any CPU
		Release|Any CPU = Release|Any CPU
	EndGlobalSection
	GlobalSection(ProjectConfigurationPlatforms) = postSolution
		{C48DC1D9-2661-434F-9CBE-CDCEDF566027}.Debug|Any CPU.ActiveCfg = Debug|Any CPU
		{C48DC1D9-2661-434F-9CBE-CDCEDF566027}.Debug|Any CPU.Build.0 = Debug|Any CPU
		{C48DC1D9-2661-434F-9CBE-CDCEDF566027}.Release|Any CPU.ActiveCfg = Release|Any CPU
		{C48DC1D9-2661-434F-9CBE-CDCEDF566027}.Release|Any CPU.Build.0 = Release|Any CPU
	EndGlobalSection
	GlobalSection(SolutionProperties) = preSolution
		HideSolutionNode = FALSE
	EndGlobalSection
	GlobalSection(ExtensibilityGlobals) = postSolution
		SolutionGuid = {92A3A677-92EF-48B3-B5CE-8649673A75B2}
	EndGlobalSection
EndGlobal
